
Microsoft Visual Studio Solution File, Format Version 12.00
# Visual Studio Version 17
VisualStudioVersion = 17.4.33110.190
MinimumVisualStudioVersion = 10.0.40219.1
Project("{FAE04EC0-301F-11D3-BF4B-00C04F79EFBC}") = "DBSD.CW2.9713.9294.11244", "DBSD.CW2.9713.9294.11244\DBSD.CW2.9713.9294.11244.csproj", "{9F5A6255-5A1E-4183-BC3D-7B764BCFEAAB}"
EndProject
Global
	GlobalSection(SolutionConfigurationPlatforms) = preSolution
		Debug|Any CPU = Debug|Any CPU
		Release|Any CPU = Release|Any CPU
	EndGlobalSection
	GlobalSection(ProjectConfigurationPlatforms) = postSolution
		{9F5A6255-5A1E-4183-BC3D-7B764BCFEAAB}.Debug|Any CPU.ActiveCfg = Debug|Any CPU
		{9F5A6255-5A1E-4183-BC3D-7B764BCFEAAB}.Debug|Any CPU.Build.0 = Debug|Any CPU
		{9F5A6255-5A1E-4183-BC3D-7B764BCFEAAB}.Release|Any CPU.ActiveCfg = Release|Any CPU
		{9F5A6255-5A1E-4183-BC3D-7B764BCFEAAB}.Release|Any CPU.Build.0 = Release|Any CPU
	EndGlobalSection
	GlobalSection(SolutionProperties) = preSolution
		HideSolutionNode = FALSE
	EndGlobalSection
	GlobalSection(ExtensibilityGlobals) = postSolution
		SolutionGuid = {AF401788-3628-4B2F-B13E-3A3127350958}
	EndGlobalSection
EndGlobal
